
Microsoft Visual Studio Solution File, Format Version 12.00
# Visual Studio Version 17
VisualStudioVersion = 17.1.32414.318
MinimumVisualStudioVersion = 10.0.40219.1
Project("{FAE04EC0-301F-11D3-BF4B-00C04F79EFBC}") = "Block1 exe4 attemprt1", "Block1 exe4 attemprt1\Block1 exe4 attemprt1.csproj", "{C391B0C0-2718-42E5-ACC0-2BA4F28DCE89}"
EndProject
Global
	GlobalSection(SolutionConfigurationPlatforms) = preSolution
		Debug|Any CPU = Debug|Any CPU
		Release|Any CPU = Release|Any CPU
	EndGlobalSection
	GlobalSection(ProjectConfigurationPlatforms) = postSolution
		{C391B0C0-2718-42E5-ACC0-2BA4F28DCE89}.Debug|Any CPU.ActiveCfg = Debug|Any CPU
		{C391B0C0-2718-42E5-ACC0-2BA4F28DCE89}.Debug|Any CPU.Build.0 = Debug|Any CPU
		{C391B0C0-2718-42E5-ACC0-2BA4F28DCE89}.Release|Any CPU.ActiveCfg = Release|Any CPU
		{C391B0C0-2718-42E5-ACC0-2BA4F28DCE89}.Release|Any CPU.Build.0 = Release|Any CPU
	EndGlobalSection
	GlobalSection(SolutionProperties) = preSolution
		HideSolutionNode = FALSE
	EndGlobalSection
	GlobalSection(ExtensibilityGlobals) = postSolution
		SolutionGuid = {7643BF15-050B-4A8B-9CFB-7262F8CCFCB3}
	EndGlobalSection
EndGlobal
